
Microsoft Visual Studio Solution File, Format Version 12.00
# Visual Studio Version 17
VisualStudioVersion = 17.0.31919.166
MinimumVisualStudioVersion = 10.0.40219.1
Project("{FAE04EC0-301F-11D3-BF4B-00C04F79EFBC}") = "WebApplication1", "WebApplication1\WebApplication1.csproj", "{510E6043-328A-48B5-A243-646616F5CAFF}"
EndProject
Global
	GlobalSection(SolutionConfigurationPlatforms) = preSolution
		Debug|Any CPU = Debug|Any CPU
		Release|Any CPU = Release|Any CPU
	EndGlobalSection
	GlobalSection(ProjectConfigurationPlatforms) = postSolution
		{510E6043-328A-48B5-A243-646616F5CAFF}.Debug|Any CPU.ActiveCfg = Debug|Any CPU
		{510E6043-328A-48B5-A243-646616F5CAFF}.Debug|Any CPU.Build.0 = Debug|Any CPU
		{510E6043-328A-48B5-A243-646616F5CAFF}.Release|Any CPU.ActiveCfg = Release|Any CPU
		{510E6043-328A-48B5-A243-646616F5CAFF}.Release|Any CPU.Build.0 = Release|Any CPU
	EndGlobalSection
	GlobalSection(SolutionProperties) = preSolution
		HideSolutionNode = FALSE
	EndGlobalSection
	GlobalSection(ExtensibilityGlobals) = postSolution
		SolutionGuid = {904E6669-1E34-46EF-A89C-741905D14445}
	EndGlobalSection
EndGlobal
